
Microsoft Visual Studio Solution File, Format Version 12.00
# Visual Studio Version 16
VisualStudioVersion = 16.0.30717.126
MinimumVisualStudioVersion = 10.0.40219.1
Project("{FAE04EC0-301F-11D3-BF4B-00C04F79EFBC}") = "JIigor.Projects.TablePurger.Worker", "JIigor.Projects.TablePurger.Worker\JIigor.Projects.TablePurger.Worker.csproj", "{EFA42C0F-84E5-47DF-B62C-00D4DF44C1B5}"
EndProject
Project("{FAE04EC0-301F-11D3-BF4B-00C04F79EFBC}") = "JIigor.Projects.TablePurger.Database", "JIigor.Projects.TablePurger.Database\JIigor.Projects.TablePurger.Database.csproj", "{45754350-A845-44C5-A7B3-D8CAC8CFF070}"
EndProject
Global
	GlobalSection(SolutionConfigurationPlatforms) = preSolution
		Debug|Any CPU = Debug|Any CPU
		Release|Any CPU = Release|Any CPU
	EndGlobalSection
	GlobalSection(ProjectConfigurationPlatforms) = postSolution
		{EFA42C0F-84E5-47DF-B62C-00D4DF44C1B5}.Debug|Any CPU.ActiveCfg = Debug|Any CPU
		{EFA42C0F-84E5-47DF-B62C-00D4DF44C1B5}.Debug|Any CPU.Build.0 = Debug|Any CPU
		{EFA42C0F-84E5-47DF-B62C-00D4DF44C1B5}.Release|Any CPU.ActiveCfg = Release|Any CPU
		{EFA42C0F-84E5-47DF-B62C-00D4DF44C1B5}.Release|Any CPU.Build.0 = Release|Any CPU
		{45754350-A845-44C5-A7B3-D8CAC8CFF070}.Debug|Any CPU.ActiveCfg = Debug|Any CPU
		{45754350-A845-44C5-A7B3-D8CAC8CFF070}.Debug|Any CPU.Build.0 = Debug|Any CPU
		{45754350-A845-44C5-A7B3-D8CAC8CFF070}.Release|Any CPU.ActiveCfg = Release|Any CPU
		{45754350-A845-44C5-A7B3-D8CAC8CFF070}.Release|Any CPU.Build.0 = Release|Any CPU
	EndGlobalSection
	GlobalSection(SolutionProperties) = preSolution
		HideSolutionNode = FALSE
	EndGlobalSection
	GlobalSection(ExtensibilityGlobals) = postSolution
		SolutionGuid = {6802379C-311A-4285-A24D-662A79229F85}
	EndGlobalSection
EndGlobal
